# This file is automatically @generated by Cargo.
# It is not intended for manual editing.
version = 4

[[package]]
name = "bremsweg-cli"
version = "0.0.0"
dependencies = [
 "bremsweg-core",
]

[[package]]
name = "bremsweg-core"
version = "0.0.0"

[[package]]
name = "bremsweg-fit"
version = "0.0.0"
dependencies = [
 "bremsweg-core",
]

[[package]]
name = "bremsweg-needs-hardware-network-or-time"
version = "0.0.0"

[[package]]
name = "xtask"
version = "0.0.0"
