# This file is automatically @generated by Cargo.
# It is not intended for manual editing.
#
# Except here. One entry was removed by hand, and that removal is the fixture:
# the manifest beside this file names `lock-fixture-dependency` and this file
# does not carry it, so a build would have to resolve outside the lock to
# proceed.
version = 4

[[package]]
name = "lock-fixture-drifted"
version = "0.0.0"
